
Microsoft Visual Studio Solution File, Format Version 12.00
# Visual Studio Version 17
VisualStudioVersion = 17.7.34202.233
MinimumVisualStudioVersion = 10.0.40219.1
Project("{8BC9CEB8-8B4A-11D0-8D11-00A0C91BC942}") = "DZ_NEW_6_Dedok", "DZ_NEW_6_Dedok.vcxproj", "{8FBFFA23-573C-41FA-BA2E-0654FA7BC848}"
EndProject
Global
	GlobalSection(SolutionConfigurationPlatforms) = preSolution
		Debug|x64 = Debug|x64
		Debug|x86 = Debug|x86
		Release|x64 = Release|x64
		Release|x86 = Release|x86
	EndGlobalSection
	GlobalSection(ProjectConfigurationPlatforms) = postSolution
		{8FBFFA23-573C-41FA-BA2E-0654FA7BC848}.Debug|x64.ActiveCfg = Debug|x64
		{8FBFFA23-573C-41FA-BA2E-0654FA7BC848}.Debug|x64.Build.0 = Debug|x64
		{8FBFFA23-573C-41FA-BA2E-0654FA7BC848}.Debug|x86.ActiveCfg = Debug|Win32
		{8FBFFA23-573C-41FA-BA2E-0654FA7BC848}.Debug|x86.Build.0 = Debug|Win32
		{8FBFFA23-573C-41FA-BA2E-0654FA7BC848}.Release|x64.ActiveCfg = Release|x64
		{8FBFFA23-573C-41FA-BA2E-0654FA7BC848}.Release|x64.Build.0 = Release|x64
		{8FBFFA23-573C-41FA-BA2E-0654FA7BC848}.Release|x86.ActiveCfg = Release|Win32
		{8FBFFA23-573C-41FA-BA2E-0654FA7BC848}.Release|x86.Build.0 = Release|Win32
	EndGlobalSection
	GlobalSection(SolutionProperties) = preSolution
		HideSolutionNode = FALSE
	EndGlobalSection
	GlobalSection(ExtensibilityGlobals) = postSolution
		SolutionGuid = {E2090828-3C2E-446A-9485-BE00EB07EB8C}
	EndGlobalSection
EndGlobal
